
Microsoft Visual Studio Solution File, Format Version 12.00
# Visual Studio Version 17
VisualStudioVersion = 17.10.35122.118
MinimumVisualStudioVersion = 10.0.40219.1
Project("{FAE04EC0-301F-11D3-BF4B-00C04F79EFBC}") = "first_project", "first_project\first_project.csproj", "{D6EE7B12-7BD4-44A9-8FD5-925998509C14}"
EndProject
Global
	GlobalSection(SolutionConfigurationPlatforms) = preSolution
		Debug|Any CPU = Debug|Any CPU
		Release|Any CPU = Release|Any CPU
	EndGlobalSection
	GlobalSection(ProjectConfigurationPlatforms) = postSolution
		{D6EE7B12-7BD4-44A9-8FD5-925998509C14}.Debug|Any CPU.ActiveCfg = Debug|Any CPU
		{D6EE7B12-7BD4-44A9-8FD5-925998509C14}.Debug|Any CPU.Build.0 = Debug|Any CPU
		{D6EE7B12-7BD4-44A9-8FD5-925998509C14}.Release|Any CPU.ActiveCfg = Release|Any CPU
		{D6EE7B12-7BD4-44A9-8FD5-925998509C14}.Release|Any CPU.Build.0 = Release|Any CPU
	EndGlobalSection
	GlobalSection(SolutionProperties) = preSolution
		HideSolutionNode = FALSE
	EndGlobalSection
	GlobalSection(ExtensibilityGlobals) = postSolution
		SolutionGuid = {50684BDB-DAE1-4427-8BF3-915AA0DA0177}
	EndGlobalSection
EndGlobal
